
Microsoft Visual Studio Solution File, Format Version 12.00
# Visual Studio 2012
Project("{FAE04EC0-301F-11D3-BF4B-00C04F79EFBC}") = "TrueMyth.NUnit", "TrueMyth.NUnit.csproj", "{51F8E42D-F40E-4037-AFC3-F6E6AEBE186F}"
EndProject
Global
	GlobalSection(SolutionConfigurationPlatforms) = preSolution
		Debug|Any CPU = Debug|Any CPU
		Release|Any CPU = Release|Any CPU
	EndGlobalSection
	GlobalSection(ProjectConfigurationPlatforms) = postSolution
		{51F8E42D-F40E-4037-AFC3-F6E6AEBE186F}.Debug|Any CPU.ActiveCfg = Debug|Any CPU
		{51F8E42D-F40E-4037-AFC3-F6E6AEBE186F}.Debug|Any CPU.Build.0 = Debug|Any CPU
		{51F8E42D-F40E-4037-AFC3-F6E6AEBE186F}.Release|Any CPU.ActiveCfg = Release|Any CPU
		{51F8E42D-F40E-4037-AFC3-F6E6AEBE186F}.Release|Any CPU.Build.0 = Release|Any CPU
	EndGlobalSection
EndGlobal
